
Microsoft Visual Studio Solution File, Format Version 12.00
# Visual Studio Version 16
VisualStudioVersion = 16.0.29324.140
MinimumVisualStudioVersion = 10.0.40219.1
Project("{FAE04EC0-301F-11D3-BF4B-00C04F79EFBC}") = "Homework7.Android", "Homework7\Homework7.Android\Homework7.Android.csproj", "{CD3D7A83-70B5-42B3-A58E-D6E98350153F}"
EndProject
Project("{FAE04EC0-301F-11D3-BF4B-00C04F79EFBC}") = "Homework7.iOS", "Homework7\Homework7.iOS\Homework7.iOS.csproj", "{1F1D35BD-3BC0-4D0E-A4A3-9E42A110B26C}"
EndProject
Project("{FAE04EC0-301F-11D3-BF4B-00C04F79EFBC}") = "Homework7", "Homework7\Homework7\Homework7.csproj", "{7DA5FE49-E505-4184-9064-B284B3CADB2E}"
EndProject
Global
	GlobalSection(SolutionConfigurationPlatforms) = preSolution
		Debug|Any CPU = Debug|Any CPU
		Debug|iPhone = Debug|iPhone
		Debug|iPhoneSimulator = Debug|iPhoneSimulator
		Release|Any CPU = Release|Any CPU
		Release|iPhone = Release|iPhone
		Release|iPhoneSimulator = Release|iPhoneSimulator
	EndGlobalSection
	GlobalSection(ProjectConfigurationPlatforms) = postSolution
		{CD3D7A83-70B5-42B3-A58E-D6E98350153F}.Debug|Any CPU.ActiveCfg = Debug|Any CPU
		{CD3D7A83-70B5-42B3-A58E-D6E98350153F}.Debug|Any CPU.Build.0 = Debug|Any CPU
		{CD3D7A83-70B5-42B3-A58E-D6E98350153F}.Debug|Any CPU.Deploy.0 = Debug|Any CPU
		{CD3D7A83-70B5-42B3-A58E-D6E98350153F}.Debug|iPhone.ActiveCfg = Debug|Any CPU
		{CD3D7A83-70B5-42B3-A58E-D6E98350153F}.Debug|iPhone.Build.0 = Debug|Any CPU
		{CD3D7A83-70B5-42B3-A58E-D6E98350153F}.Debug|iPhone.Deploy.0 = Debug|Any CPU
		{CD3D7A83-70B5-42B3-A58E-D6E98350153F}.Debug|iPhoneSimulator.ActiveCfg = Debug|Any CPU
		{CD3D7A83-70B5-42B3-A58E-D6E98350153F}.Debug|iPhoneSimulator.Build.0 = Debug|Any CPU
		{CD3D7A83-70B5-42B3-A58E-D6E98350153F}.Debug|iPhoneSimulator.Deploy.0 = Debug|Any CPU
		{CD3D7A83-70B5-42B3-A58E-D6E98350153F}.Release|Any CPU.ActiveCfg = Release|Any CPU
		{CD3D7A83-70B5-42B3-A58E-D6E98350153F}.Release|Any CPU.Build.0 = Release|Any CPU
		{CD3D7A83-70B5-42B3-A58E-D6E98350153F}.Release|Any CPU.Deploy.0 = Release|Any CPU
		{CD3D7A83-70B5-42B3-A58E-D6E98350153F}.Release|iPhone.ActiveCfg = Release|Any CPU
		{CD3D7A83-70B5-42B3-A58E-D6E98350153F}.Release|iPhone.Build.0 = Release|Any CPU
		{CD3D7A83-70B5-42B3-A58E-D6E98350153F}.Release|iPhone.Deploy.0 = Release|Any CPU
		{CD3D7A83-70B5-42B3-A58E-D6E98350153F}.Release|iPhoneSimulator.ActiveCfg = Release|Any CPU
		{CD3D7A83-70B5-42B3-A58E-D6E98350153F}.Release|iPhoneSimulator.Build.0 = Release|Any CPU
		{CD3D7A83-70B5-42B3-A58E-D6E98350153F}.Release|iPhoneSimulator.Deploy.0 = Release|Any CPU
		{1F1D35BD-3BC0-4D0E-A4A3-9E42A110B26C}.Debug|Any CPU.ActiveCfg = Debug|iPhoneSimulator
		{1F1D35BD-3BC0-4D0E-A4A3-9E42A110B26C}.Debug|Any CPU.Build.0 = Debug|iPhoneSimulator
		{1F1D35BD-3BC0-4D0E-A4A3-9E42A110B26C}.Debug|Any CPU.Deploy.0 = Debug|iPhoneSimulator
		{1F1D35BD-3BC0-4D0E-A4A3-9E42A110B26C}.Debug|iPhone.ActiveCfg = Debug|iPhone
		{1F1D35BD-3BC0-4D0E-A4A3-9E42A110B26C}.Debug|iPhone.Build.0 = Debug|iPhone
		{1F1D35BD-3BC0-4D0E-A4A3-9E42A110B26C}.Debug|iPhone.Deploy.0 = Debug|iPhone
		{1F1D35BD-3BC0-4D0E-A4A3-9E42A110B26C}.Debug|iPhoneSimulator.ActiveCfg = Debug|iPhoneSimulator
		{1F1D35BD-3BC0-4D0E-A4A3-9E42A110B26C}.Debug|iPhoneSimulator.Build.0 = Debug|iPhoneSimulator
		{1F1D35BD-3BC0-4D0E-A4A3-9E42A110B26C}.Debug|iPhoneSimulator.Deploy.0 = Debug|iPhoneSimulator
		{1F1D35BD-3BC0-4D0E-A4A3-9E42A110B26C}.Release|Any CPU.ActiveCfg = Release|iPhone
		{1F1D35BD-3BC0-4D0E-A4A3-9E42A110B26C}.Release|Any CPU.Build.0 = Release|iPhone
		{1F1D35BD-3BC0-4D0E-A4A3-9E42A110B26C}.Release|Any CPU.Deploy.0 = Release|iPhone
		{1F1D35BD-3BC0-4D0E-A4A3-9E42A110B26C}.Release|iPhone.ActiveCfg = Release|iPhone
		{1F1D35BD-3BC0-4D0E-A4A3-9E42A110B26C}.Release|iPhone.Build.0 = Release|iPhone
		{1F1D35BD-3BC0-4D0E-A4A3-9E42A110B26C}.Release|iPhone.Deploy.0 = Release|iPhone
		{1F1D35BD-3BC0-4D0E-A4A3-9E42A110B26C}.Release|iPhoneSimulator.ActiveCfg = Release|iPhoneSimulator
		{1F1D35BD-3BC0-4D0E-A4A3-9E42A110B26C}.Release|iPhoneSimulator.Build.0 = Release|iPhoneSimulator
		{1F1D35BD-3BC0-4D0E-A4A3-9E42A110B26C}.Release|iPhoneSimulator.Deploy.0 = Release|iPhoneSimulator
		{7DA5FE49-E505-4184-9064-B284B3CADB2E}.Debug|Any CPU.ActiveCfg = Debug|Any CPU
		{7DA5FE49-E505-4184-9064-B284B3CADB2E}.Debug|Any CPU.Build.0 = Debug|Any CPU
		{7DA5FE49-E505-4184-9064-B284B3CADB2E}.Debug|Any CPU.Deploy.0 = Debug|Any CPU
		{7DA5FE49-E505-4184-9064-B284B3CADB2E}.Debug|iPhone.ActiveCfg = Debug|Any CPU
		{7DA5FE49-E505-4184-9064-B284B3CADB2E}.Debug|iPhone.Build.0 = Debug|Any CPU
		{7DA5FE49-E505-4184-9064-B284B3CADB2E}.Debug|iPhone.Deploy.0 = Debug|Any CPU
		{7DA5FE49-E505-4184-9064-B284B3CADB2E}.Debug|iPhoneSimulator.ActiveCfg = Debug|Any CPU
		{7DA5FE49-E505-4184-9064-B284B3CADB2E}.Debug|iPhoneSimulator.Build.0 = Debug|Any CPU
		{7DA5FE49-E505-4184-9064-B284B3CADB2E}.Debug|iPhoneSimulator.Deploy.0 = Debug|Any CPU
		{7DA5FE49-E505-4184-9064-B284B3CADB2E}.Release|Any CPU.ActiveCfg = Release|Any CPU
		{7DA5FE49-E505-4184-9064-B284B3CADB2E}.Release|Any CPU.Build.0 = Release|Any CPU
		{7DA5FE49-E505-4184-9064-B284B3CADB2E}.Release|Any CPU.Deploy.0 = Release|Any CPU
		{7DA5FE49-E505-4184-9064-B284B3CADB2E}.Release|iPhone.ActiveCfg = Release|Any CPU
		{7DA5FE49-E505-4184-9064-B284B3CADB2E}.Release|iPhone.Build.0 = Release|Any CPU
		{7DA5FE49-E505-4184-9064-B284B3CADB2E}.Release|iPhone.Deploy.0 = Release|Any CPU
		{7DA5FE49-E505-4184-9064-B284B3CADB2E}.Release|iPhoneSimulator.ActiveCfg = Release|Any CPU
		{7DA5FE49-E505-4184-9064-B284B3CADB2E}.Release|iPhoneSimulator.Build.0 = Release|Any CPU
		{7DA5FE49-E505-4184-9064-B284B3CADB2E}.Release|iPhoneSimulator.Deploy.0 = Release|Any CPU
	EndGlobalSection
	GlobalSection(SolutionProperties) = preSolution
		HideSolutionNode = FALSE
	EndGlobalSection
	GlobalSection(ExtensibilityGlobals) = postSolution
		SolutionGuid = {79CE9339-2E2D-4D2E-A7BA-871CC903A75C}
	EndGlobalSection
EndGlobal
