
Microsoft Visual Studio Solution File, Format Version 12.00
# Visual Studio 15
VisualStudioVersion = 15.0.28307.779
MinimumVisualStudioVersion = 10.0.40219.1
Project("{FAE04EC0-301F-11D3-BF4B-00C04F79EFBC}") = "Homework2.Android", "Homework2\Homework2.Android\Homework2.Android.csproj", "{1223D599-BE47-44D3-98C3-A53006BF9FE7}"
EndProject
Project("{FAE04EC0-301F-11D3-BF4B-00C04F79EFBC}") = "Homework2.iOS", "Homework2\Homework2.iOS\Homework2.iOS.csproj", "{183A7186-94D0-402A-8677-43CCCA0E6565}"
EndProject
Project("{FAE04EC0-301F-11D3-BF4B-00C04F79EFBC}") = "Homework2", "Homework2\Homework2\Homework2.csproj", "{246EBF4F-1DB0-49B6-9D98-5F1C043AF1A4}"
EndProject
Global
	GlobalSection(SolutionConfigurationPlatforms) = preSolution
		Ad-Hoc|Any CPU = Ad-Hoc|Any CPU
		Ad-Hoc|iPhone = Ad-Hoc|iPhone
		Ad-Hoc|iPhoneSimulator = Ad-Hoc|iPhoneSimulator
		AppStore|Any CPU = AppStore|Any CPU
		AppStore|iPhone = AppStore|iPhone
		AppStore|iPhoneSimulator = AppStore|iPhoneSimulator
		Debug|Any CPU = Debug|Any CPU
		Debug|iPhone = Debug|iPhone
		Debug|iPhoneSimulator = Debug|iPhoneSimulator
		Release|Any CPU = Release|Any CPU
		Release|iPhone = Release|iPhone
		Release|iPhoneSimulator = Release|iPhoneSimulator
	EndGlobalSection
	GlobalSection(ProjectConfigurationPlatforms) = postSolution
		{1223D599-BE47-44D3-98C3-A53006BF9FE7}.Ad-Hoc|Any CPU.ActiveCfg = Release|Any CPU
		{1223D599-BE47-44D3-98C3-A53006BF9FE7}.Ad-Hoc|Any CPU.Build.0 = Release|Any CPU
		{1223D599-BE47-44D3-98C3-A53006BF9FE7}.Ad-Hoc|Any CPU.Deploy.0 = Release|Any CPU
		{1223D599-BE47-44D3-98C3-A53006BF9FE7}.Ad-Hoc|iPhone.ActiveCfg = Release|Any CPU
		{1223D599-BE47-44D3-98C3-A53006BF9FE7}.Ad-Hoc|iPhone.Build.0 = Release|Any CPU
		{1223D599-BE47-44D3-98C3-A53006BF9FE7}.Ad-Hoc|iPhone.Deploy.0 = Release|Any CPU
		{1223D599-BE47-44D3-98C3-A53006BF9FE7}.Ad-Hoc|iPhoneSimulator.ActiveCfg = Release|Any CPU
		{1223D599-BE47-44D3-98C3-A53006BF9FE7}.Ad-Hoc|iPhoneSimulator.Build.0 = Release|Any CPU
		{1223D599-BE47-44D3-98C3-A53006BF9FE7}.Ad-Hoc|iPhoneSimulator.Deploy.0 = Release|Any CPU
		{1223D599-BE47-44D3-98C3-A53006BF9FE7}.AppStore|Any CPU.ActiveCfg = Release|Any CPU
		{1223D599-BE47-44D3-98C3-A53006BF9FE7}.AppStore|Any CPU.Build.0 = Release|Any CPU
		{1223D599-BE47-44D3-98C3-A53006BF9FE7}.AppStore|Any CPU.Deploy.0 = Release|Any CPU
		{1223D599-BE47-44D3-98C3-A53006BF9FE7}.AppStore|iPhone.ActiveCfg = Release|Any CPU
		{1223D599-BE47-44D3-98C3-A53006BF9FE7}.AppStore|iPhone.Build.0 = Release|Any CPU
		{1223D599-BE47-44D3-98C3-A53006BF9FE7}.AppStore|iPhone.Deploy.0 = Release|Any CPU
		{1223D599-BE47-44D3-98C3-A53006BF9FE7}.AppStore|iPhoneSimulator.ActiveCfg = Release|Any CPU
		{1223D599-BE47-44D3-98C3-A53006BF9FE7}.AppStore|iPhoneSimulator.Build.0 = Release|Any CPU
		{1223D599-BE47-44D3-98C3-A53006BF9FE7}.AppStore|iPhoneSimulator.Deploy.0 = Release|Any CPU
		{1223D599-BE47-44D3-98C3-A53006BF9FE7}.Debug|Any CPU.ActiveCfg = Debug|Any CPU
		{1223D599-BE47-44D3-98C3-A53006BF9FE7}.Debug|Any CPU.Build.0 = Debug|Any CPU
		{1223D599-BE47-44D3-98C3-A53006BF9FE7}.Debug|Any CPU.Deploy.0 = Debug|Any CPU
		{1223D599-BE47-44D3-98C3-A53006BF9FE7}.Debug|iPhone.ActiveCfg = Debug|Any CPU
		{1223D599-BE47-44D3-98C3-A53006BF9FE7}.Debug|iPhone.Build.0 = Debug|Any CPU
		{1223D599-BE47-44D3-98C3-A53006BF9FE7}.Debug|iPhone.Deploy.0 = Debug|Any CPU
		{1223D599-BE47-44D3-98C3-A53006BF9FE7}.Debug|iPhoneSimulator.ActiveCfg = Debug|Any CPU
		{1223D599-BE47-44D3-98C3-A53006BF9FE7}.Debug|iPhoneSimulator.Build.0 = Debug|Any CPU
		{1223D599-BE47-44D3-98C3-A53006BF9FE7}.Debug|iPhoneSimulator.Deploy.0 = Debug|Any CPU
		{1223D599-BE47-44D3-98C3-A53006BF9FE7}.Release|Any CPU.ActiveCfg = Release|Any CPU
		{1223D599-BE47-44D3-98C3-A53006BF9FE7}.Release|Any CPU.Build.0 = Release|Any CPU
		{1223D599-BE47-44D3-98C3-A53006BF9FE7}.Release|Any CPU.Deploy.0 = Release|Any CPU
		{1223D599-BE47-44D3-98C3-A53006BF9FE7}.Release|iPhone.ActiveCfg = Release|Any CPU
		{1223D599-BE47-44D3-98C3-A53006BF9FE7}.Release|iPhone.Build.0 = Release|Any CPU
		{1223D599-BE47-44D3-98C3-A53006BF9FE7}.Release|iPhone.Deploy.0 = Release|Any CPU
		{1223D599-BE47-44D3-98C3-A53006BF9FE7}.Release|iPhoneSimulator.ActiveCfg = Release|Any CPU
		{1223D599-BE47-44D3-98C3-A53006BF9FE7}.Release|iPhoneSimulator.Build.0 = Release|Any CPU
		{1223D599-BE47-44D3-98C3-A53006BF9FE7}.Release|iPhoneSimulator.Deploy.0 = Release|Any CPU
		{183A7186-94D0-402A-8677-43CCCA0E6565}.Ad-Hoc|Any CPU.ActiveCfg = Ad-Hoc|iPhone
		{183A7186-94D0-402A-8677-43CCCA0E6565}.Ad-Hoc|Any CPU.Build.0 = Ad-Hoc|iPhone
		{183A7186-94D0-402A-8677-43CCCA0E6565}.Ad-Hoc|Any CPU.Deploy.0 = Ad-Hoc|iPhone
		{183A7186-94D0-402A-8677-43CCCA0E6565}.Ad-Hoc|iPhone.ActiveCfg = Ad-Hoc|iPhone
		{183A7186-94D0-402A-8677-43CCCA0E6565}.Ad-Hoc|iPhone.Build.0 = Ad-Hoc|iPhone
		{183A7186-94D0-402A-8677-43CCCA0E6565}.Ad-Hoc|iPhone.Deploy.0 = Ad-Hoc|iPhone
		{183A7186-94D0-402A-8677-43CCCA0E6565}.Ad-Hoc|iPhoneSimulator.ActiveCfg = Ad-Hoc|iPhoneSimulator
		{183A7186-94D0-402A-8677-43CCCA0E6565}.Ad-Hoc|iPhoneSimulator.Build.0 = Ad-Hoc|iPhoneSimulator
		{183A7186-94D0-402A-8677-43CCCA0E6565}.Ad-Hoc|iPhoneSimulator.Deploy.0 = Ad-Hoc|iPhoneSimulator
		{183A7186-94D0-402A-8677-43CCCA0E6565}.AppStore|Any CPU.ActiveCfg = AppStore|iPhone
		{183A7186-94D0-402A-8677-43CCCA0E6565}.AppStore|Any CPU.Build.0 = AppStore|iPhone
		{183A7186-94D0-402A-8677-43CCCA0E6565}.AppStore|Any CPU.Deploy.0 = AppStore|iPhone
		{183A7186-94D0-402A-8677-43CCCA0E6565}.AppStore|iPhone.ActiveCfg = AppStore|iPhone
		{183A7186-94D0-402A-8677-43CCCA0E6565}.AppStore|iPhone.Build.0 = AppStore|iPhone
		{183A7186-94D0-402A-8677-43CCCA0E6565}.AppStore|iPhone.Deploy.0 = AppStore|iPhone
		{183A7186-94D0-402A-8677-43CCCA0E6565}.AppStore|iPhoneSimulator.ActiveCfg = AppStore|iPhoneSimulator
		{183A7186-94D0-402A-8677-43CCCA0E6565}.AppStore|iPhoneSimulator.Build.0 = AppStore|iPhoneSimulator
		{183A7186-94D0-402A-8677-43CCCA0E6565}.AppStore|iPhoneSimulator.Deploy.0 = AppStore|iPhoneSimulator
		{183A7186-94D0-402A-8677-43CCCA0E6565}.Debug|Any CPU.ActiveCfg = Debug|iPhoneSimulator
		{183A7186-94D0-402A-8677-43CCCA0E6565}.Debug|Any CPU.Build.0 = Debug|iPhoneSimulator
		{183A7186-94D0-402A-8677-43CCCA0E6565}.Debug|Any CPU.Deploy.0 = Debug|iPhoneSimulator
		{183A7186-94D0-402A-8677-43CCCA0E6565}.Debug|iPhone.ActiveCfg = Debug|iPhone
		{183A7186-94D0-402A-8677-43CCCA0E6565}.Debug|iPhone.Build.0 = Debug|iPhone
		{183A7186-94D0-402A-8677-43CCCA0E6565}.Debug|iPhone.Deploy.0 = Debug|iPhone
		{183A7186-94D0-402A-8677-43CCCA0E6565}.Debug|iPhoneSimulator.ActiveCfg = Debug|iPhoneSimulator
		{183A7186-94D0-402A-8677-43CCCA0E6565}.Debug|iPhoneSimulator.Build.0 = Debug|iPhoneSimulator
		{183A7186-94D0-402A-8677-43CCCA0E6565}.Debug|iPhoneSimulator.Deploy.0 = Debug|iPhoneSimulator
		{183A7186-94D0-402A-8677-43CCCA0E6565}.Release|Any CPU.ActiveCfg = Release|iPhone
		{183A7186-94D0-402A-8677-43CCCA0E6565}.Release|Any CPU.Build.0 = Release|iPhone
		{183A7186-94D0-402A-8677-43CCCA0E6565}.Release|Any CPU.Deploy.0 = Release|iPhone
		{183A7186-94D0-402A-8677-43CCCA0E6565}.Release|iPhone.ActiveCfg = Release|iPhone
		{183A7186-94D0-402A-8677-43CCCA0E6565}.Release|iPhone.Build.0 = Release|iPhone
		{183A7186-94D0-402A-8677-43CCCA0E6565}.Release|iPhone.Deploy.0 = Release|iPhone
		{183A7186-94D0-402A-8677-43CCCA0E6565}.Release|iPhoneSimulator.ActiveCfg = Release|iPhoneSimulator
		{183A7186-94D0-402A-8677-43CCCA0E6565}.Release|iPhoneSimulator.Build.0 = Release|iPhoneSimulator
		{183A7186-94D0-402A-8677-43CCCA0E6565}.Release|iPhoneSimulator.Deploy.0 = Release|iPhoneSimulator
		{246EBF4F-1DB0-49B6-9D98-5F1C043AF1A4}.Ad-Hoc|Any CPU.ActiveCfg = Debug|Any CPU
		{246EBF4F-1DB0-49B6-9D98-5F1C043AF1A4}.Ad-Hoc|Any CPU.Build.0 = Debug|Any CPU
		{246EBF4F-1DB0-49B6-9D98-5F1C043AF1A4}.Ad-Hoc|Any CPU.Deploy.0 = Debug|Any CPU
		{246EBF4F-1DB0-49B6-9D98-5F1C043AF1A4}.Ad-Hoc|iPhone.ActiveCfg = Debug|Any CPU
		{246EBF4F-1DB0-49B6-9D98-5F1C043AF1A4}.Ad-Hoc|iPhone.Build.0 = Debug|Any CPU
		{246EBF4F-1DB0-49B6-9D98-5F1C043AF1A4}.Ad-Hoc|iPhone.Deploy.0 = Debug|Any CPU
		{246EBF4F-1DB0-49B6-9D98-5F1C043AF1A4}.Ad-Hoc|iPhoneSimulator.ActiveCfg = Debug|Any CPU
		{246EBF4F-1DB0-49B6-9D98-5F1C043AF1A4}.Ad-Hoc|iPhoneSimulator.Build.0 = Debug|Any CPU
		{246EBF4F-1DB0-49B6-9D98-5F1C043AF1A4}.Ad-Hoc|iPhoneSimulator.Deploy.0 = Debug|Any CPU
		{246EBF4F-1DB0-49B6-9D98-5F1C043AF1A4}.AppStore|Any CPU.ActiveCfg = Debug|Any CPU
		{246EBF4F-1DB0-49B6-9D98-5F1C043AF1A4}.AppStore|Any CPU.Build.0 = Debug|Any CPU
		{246EBF4F-1DB0-49B6-9D98-5F1C043AF1A4}.AppStore|Any CPU.Deploy.0 = Debug|Any CPU
		{246EBF4F-1DB0-49B6-9D98-5F1C043AF1A4}.AppStore|iPhone.ActiveCfg = Debug|Any CPU
		{246EBF4F-1DB0-49B6-9D98-5F1C043AF1A4}.AppStore|iPhone.Build.0 = Debug|Any CPU
		{246EBF4F-1DB0-49B6-9D98-5F1C043AF1A4}.AppStore|iPhone.Deploy.0 = Debug|Any CPU
		{246EBF4F-1DB0-49B6-9D98-5F1C043AF1A4}.AppStore|iPhoneSimulator.ActiveCfg = Debug|Any CPU
		{246EBF4F-1DB0-49B6-9D98-5F1C043AF1A4}.AppStore|iPhoneSimulator.Build.0 = Debug|Any CPU
		{246EBF4F-1DB0-49B6-9D98-5F1C043AF1A4}.AppStore|iPhoneSimulator.Deploy.0 = Debug|Any CPU
		{246EBF4F-1DB0-49B6-9D98-5F1C043AF1A4}.Debug|Any CPU.ActiveCfg = Debug|Any CPU
		{246EBF4F-1DB0-49B6-9D98-5F1C043AF1A4}.Debug|Any CPU.Build.0 = Debug|Any CPU
		{246EBF4F-1DB0-49B6-9D98-5F1C043AF1A4}.Debug|Any CPU.Deploy.0 = Debug|Any CPU
		{246EBF4F-1DB0-49B6-9D98-5F1C043AF1A4}.Debug|iPhone.ActiveCfg = Debug|Any CPU
		{246EBF4F-1DB0-49B6-9D98-5F1C043AF1A4}.Debug|iPhone.Build.0 = Debug|Any CPU
		{246EBF4F-1DB0-49B6-9D98-5F1C043AF1A4}.Debug|iPhone.Deploy.0 = Debug|Any CPU
		{246EBF4F-1DB0-49B6-9D98-5F1C043AF1A4}.Debug|iPhoneSimulator.ActiveCfg = Debug|Any CPU
		{246EBF4F-1DB0-49B6-9D98-5F1C043AF1A4}.Debug|iPhoneSimulator.Build.0 = Debug|Any CPU
		{246EBF4F-1DB0-49B6-9D98-5F1C043AF1A4}.Debug|iPhoneSimulator.Deploy.0 = Debug|Any CPU
		{246EBF4F-1DB0-49B6-9D98-5F1C043AF1A4}.Release|Any CPU.ActiveCfg = Release|Any CPU
		{246EBF4F-1DB0-49B6-9D98-5F1C043AF1A4}.Release|Any CPU.Build.0 = Release|Any CPU
		{246EBF4F-1DB0-49B6-9D98-5F1C043AF1A4}.Release|Any CPU.Deploy.0 = Release|Any CPU
		{246EBF4F-1DB0-49B6-9D98-5F1C043AF1A4}.Release|iPhone.ActiveCfg = Release|Any CPU
		{246EBF4F-1DB0-49B6-9D98-5F1C043AF1A4}.Release|iPhone.Build.0 = Release|Any CPU
		{246EBF4F-1DB0-49B6-9D98-5F1C043AF1A4}.Release|iPhone.Deploy.0 = Release|Any CPU
		{246EBF4F-1DB0-49B6-9D98-5F1C043AF1A4}.Release|iPhoneSimulator.ActiveCfg = Release|Any CPU
		{246EBF4F-1DB0-49B6-9D98-5F1C043AF1A4}.Release|iPhoneSimulator.Build.0 = Release|Any CPU
		{246EBF4F-1DB0-49B6-9D98-5F1C043AF1A4}.Release|iPhoneSimulator.Deploy.0 = Release|Any CPU
	EndGlobalSection
	GlobalSection(SolutionProperties) = preSolution
		HideSolutionNode = FALSE
	EndGlobalSection
	GlobalSection(ExtensibilityGlobals) = postSolution
		SolutionGuid = {3268244E-FDB1-4749-9870-40F29AB817A0}
	EndGlobalSection
EndGlobal
