
Microsoft Visual Studio Solution File, Format Version 12.00
# Visual Studio Version 16
VisualStudioVersion = 16.0.29123.88
MinimumVisualStudioVersion = 10.0.40219.1
Project("{FAE04EC0-301F-11D3-BF4B-00C04F79EFBC}") = "Homework6.Android", "Homework6\Homework6.Android\Homework6.Android.csproj", "{6A243BE3-F794-49CC-8E34-0BF4A9F0F96D}"
EndProject
Project("{FAE04EC0-301F-11D3-BF4B-00C04F79EFBC}") = "Homework6.iOS", "Homework6\Homework6.iOS\Homework6.iOS.csproj", "{D6D4BC25-E196-4C71-BBF7-05241A578F74}"
EndProject
Project("{FAE04EC0-301F-11D3-BF4B-00C04F79EFBC}") = "Homework6", "Homework6\Homework6\Homework6.csproj", "{D1142F68-EA63-454F-8156-D0B86174BCA6}"
EndProject
Global
	GlobalSection(SolutionConfigurationPlatforms) = preSolution
		Debug|Any CPU = Debug|Any CPU
		Debug|iPhone = Debug|iPhone
		Debug|iPhoneSimulator = Debug|iPhoneSimulator
		Release|Any CPU = Release|Any CPU
		Release|iPhone = Release|iPhone
		Release|iPhoneSimulator = Release|iPhoneSimulator
	EndGlobalSection
	GlobalSection(ProjectConfigurationPlatforms) = postSolution
		{6A243BE3-F794-49CC-8E34-0BF4A9F0F96D}.Debug|Any CPU.ActiveCfg = Debug|Any CPU
		{6A243BE3-F794-49CC-8E34-0BF4A9F0F96D}.Debug|Any CPU.Build.0 = Debug|Any CPU
		{6A243BE3-F794-49CC-8E34-0BF4A9F0F96D}.Debug|Any CPU.Deploy.0 = Debug|Any CPU
		{6A243BE3-F794-49CC-8E34-0BF4A9F0F96D}.Debug|iPhone.ActiveCfg = Debug|Any CPU
		{6A243BE3-F794-49CC-8E34-0BF4A9F0F96D}.Debug|iPhone.Build.0 = Debug|Any CPU
		{6A243BE3-F794-49CC-8E34-0BF4A9F0F96D}.Debug|iPhone.Deploy.0 = Debug|Any CPU
		{6A243BE3-F794-49CC-8E34-0BF4A9F0F96D}.Debug|iPhoneSimulator.ActiveCfg = Debug|Any CPU
		{6A243BE3-F794-49CC-8E34-0BF4A9F0F96D}.Debug|iPhoneSimulator.Build.0 = Debug|Any CPU
		{6A243BE3-F794-49CC-8E34-0BF4A9F0F96D}.Debug|iPhoneSimulator.Deploy.0 = Debug|Any CPU
		{6A243BE3-F794-49CC-8E34-0BF4A9F0F96D}.Release|Any CPU.ActiveCfg = Release|Any CPU
		{6A243BE3-F794-49CC-8E34-0BF4A9F0F96D}.Release|Any CPU.Build.0 = Release|Any CPU
		{6A243BE3-F794-49CC-8E34-0BF4A9F0F96D}.Release|Any CPU.Deploy.0 = Release|Any CPU
		{6A243BE3-F794-49CC-8E34-0BF4A9F0F96D}.Release|iPhone.ActiveCfg = Release|Any CPU
		{6A243BE3-F794-49CC-8E34-0BF4A9F0F96D}.Release|iPhone.Build.0 = Release|Any CPU
		{6A243BE3-F794-49CC-8E34-0BF4A9F0F96D}.Release|iPhone.Deploy.0 = Release|Any CPU
		{6A243BE3-F794-49CC-8E34-0BF4A9F0F96D}.Release|iPhoneSimulator.ActiveCfg = Release|Any CPU
		{6A243BE3-F794-49CC-8E34-0BF4A9F0F96D}.Release|iPhoneSimulator.Build.0 = Release|Any CPU
		{6A243BE3-F794-49CC-8E34-0BF4A9F0F96D}.Release|iPhoneSimulator.Deploy.0 = Release|Any CPU
		{D6D4BC25-E196-4C71-BBF7-05241A578F74}.Debug|Any CPU.ActiveCfg = Debug|iPhoneSimulator
		{D6D4BC25-E196-4C71-BBF7-05241A578F74}.Debug|Any CPU.Build.0 = Debug|iPhoneSimulator
		{D6D4BC25-E196-4C71-BBF7-05241A578F74}.Debug|Any CPU.Deploy.0 = Debug|iPhoneSimulator
		{D6D4BC25-E196-4C71-BBF7-05241A578F74}.Debug|iPhone.ActiveCfg = Debug|iPhone
		{D6D4BC25-E196-4C71-BBF7-05241A578F74}.Debug|iPhone.Build.0 = Debug|iPhone
		{D6D4BC25-E196-4C71-BBF7-05241A578F74}.Debug|iPhone.Deploy.0 = Debug|iPhone
		{D6D4BC25-E196-4C71-BBF7-05241A578F74}.Debug|iPhoneSimulator.ActiveCfg = Debug|iPhoneSimulator
		{D6D4BC25-E196-4C71-BBF7-05241A578F74}.Debug|iPhoneSimulator.Build.0 = Debug|iPhoneSimulator
		{D6D4BC25-E196-4C71-BBF7-05241A578F74}.Debug|iPhoneSimulator.Deploy.0 = Debug|iPhoneSimulator
		{D6D4BC25-E196-4C71-BBF7-05241A578F74}.Release|Any CPU.ActiveCfg = Release|iPhone
		{D6D4BC25-E196-4C71-BBF7-05241A578F74}.Release|Any CPU.Build.0 = Release|iPhone
		{D6D4BC25-E196-4C71-BBF7-05241A578F74}.Release|Any CPU.Deploy.0 = Release|iPhone
		{D6D4BC25-E196-4C71-BBF7-05241A578F74}.Release|iPhone.ActiveCfg = Release|iPhone
		{D6D4BC25-E196-4C71-BBF7-05241A578F74}.Release|iPhone.Build.0 = Release|iPhone
		{D6D4BC25-E196-4C71-BBF7-05241A578F74}.Release|iPhone.Deploy.0 = Release|iPhone
		{D6D4BC25-E196-4C71-BBF7-05241A578F74}.Release|iPhoneSimulator.ActiveCfg = Release|iPhoneSimulator
		{D6D4BC25-E196-4C71-BBF7-05241A578F74}.Release|iPhoneSimulator.Build.0 = Release|iPhoneSimulator
		{D6D4BC25-E196-4C71-BBF7-05241A578F74}.Release|iPhoneSimulator.Deploy.0 = Release|iPhoneSimulator
		{D1142F68-EA63-454F-8156-D0B86174BCA6}.Debug|Any CPU.ActiveCfg = Debug|Any CPU
		{D1142F68-EA63-454F-8156-D0B86174BCA6}.Debug|Any CPU.Build.0 = Debug|Any CPU
		{D1142F68-EA63-454F-8156-D0B86174BCA6}.Debug|Any CPU.Deploy.0 = Debug|Any CPU
		{D1142F68-EA63-454F-8156-D0B86174BCA6}.Debug|iPhone.ActiveCfg = Debug|Any CPU
		{D1142F68-EA63-454F-8156-D0B86174BCA6}.Debug|iPhone.Build.0 = Debug|Any CPU
		{D1142F68-EA63-454F-8156-D0B86174BCA6}.Debug|iPhone.Deploy.0 = Debug|Any CPU
		{D1142F68-EA63-454F-8156-D0B86174BCA6}.Debug|iPhoneSimulator.ActiveCfg = Debug|Any CPU
		{D1142F68-EA63-454F-8156-D0B86174BCA6}.Debug|iPhoneSimulator.Build.0 = Debug|Any CPU
		{D1142F68-EA63-454F-8156-D0B86174BCA6}.Debug|iPhoneSimulator.Deploy.0 = Debug|Any CPU
		{D1142F68-EA63-454F-8156-D0B86174BCA6}.Release|Any CPU.ActiveCfg = Release|Any CPU
		{D1142F68-EA63-454F-8156-D0B86174BCA6}.Release|Any CPU.Build.0 = Release|Any CPU
		{D1142F68-EA63-454F-8156-D0B86174BCA6}.Release|Any CPU.Deploy.0 = Release|Any CPU
		{D1142F68-EA63-454F-8156-D0B86174BCA6}.Release|iPhone.ActiveCfg = Release|Any CPU
		{D1142F68-EA63-454F-8156-D0B86174BCA6}.Release|iPhone.Build.0 = Release|Any CPU
		{D1142F68-EA63-454F-8156-D0B86174BCA6}.Release|iPhone.Deploy.0 = Release|Any CPU
		{D1142F68-EA63-454F-8156-D0B86174BCA6}.Release|iPhoneSimulator.ActiveCfg = Release|Any CPU
		{D1142F68-EA63-454F-8156-D0B86174BCA6}.Release|iPhoneSimulator.Build.0 = Release|Any CPU
		{D1142F68-EA63-454F-8156-D0B86174BCA6}.Release|iPhoneSimulator.Deploy.0 = Release|Any CPU
	EndGlobalSection
	GlobalSection(SolutionProperties) = preSolution
		HideSolutionNode = FALSE
	EndGlobalSection
	GlobalSection(ExtensibilityGlobals) = postSolution
		SolutionGuid = {0993DB3C-E391-4802-BE50-8AC1ECA91981}
	EndGlobalSection
EndGlobal
