
Microsoft Visual Studio Solution File, Format Version 12.00
# Visual Studio Version 16
VisualStudioVersion = 16.0.29324.140
MinimumVisualStudioVersion = 10.0.40219.1
Project("{FAE04EC0-301F-11D3-BF4B-00C04F79EFBC}") = "FinalProject.Android", "FinalProject\FinalProject.Android\FinalProject.Android.csproj", "{0A63E895-DDF5-4789-B66E-E96A91502182}"
EndProject
Project("{FAE04EC0-301F-11D3-BF4B-00C04F79EFBC}") = "FinalProject.iOS", "FinalProject\FinalProject.iOS\FinalProject.iOS.csproj", "{54CAD6ED-FDEB-4BDC-8A59-DC4B55476A1A}"
EndProject
Project("{FAE04EC0-301F-11D3-BF4B-00C04F79EFBC}") = "FinalProject", "FinalProject\FinalProject\FinalProject.csproj", "{F265D80C-2765-4BCB-9B18-2124E3076803}"
EndProject
Global
	GlobalSection(SolutionConfigurationPlatforms) = preSolution
		Debug|Any CPU = Debug|Any CPU
		Debug|iPhone = Debug|iPhone
		Debug|iPhoneSimulator = Debug|iPhoneSimulator
		Release|Any CPU = Release|Any CPU
		Release|iPhone = Release|iPhone
		Release|iPhoneSimulator = Release|iPhoneSimulator
	EndGlobalSection
	GlobalSection(ProjectConfigurationPlatforms) = postSolution
		{0A63E895-DDF5-4789-B66E-E96A91502182}.Debug|Any CPU.ActiveCfg = Debug|Any CPU
		{0A63E895-DDF5-4789-B66E-E96A91502182}.Debug|Any CPU.Build.0 = Debug|Any CPU
		{0A63E895-DDF5-4789-B66E-E96A91502182}.Debug|Any CPU.Deploy.0 = Debug|Any CPU
		{0A63E895-DDF5-4789-B66E-E96A91502182}.Debug|iPhone.ActiveCfg = Debug|Any CPU
		{0A63E895-DDF5-4789-B66E-E96A91502182}.Debug|iPhone.Build.0 = Debug|Any CPU
		{0A63E895-DDF5-4789-B66E-E96A91502182}.Debug|iPhone.Deploy.0 = Debug|Any CPU
		{0A63E895-DDF5-4789-B66E-E96A91502182}.Debug|iPhoneSimulator.ActiveCfg = Debug|Any CPU
		{0A63E895-DDF5-4789-B66E-E96A91502182}.Debug|iPhoneSimulator.Build.0 = Debug|Any CPU
		{0A63E895-DDF5-4789-B66E-E96A91502182}.Debug|iPhoneSimulator.Deploy.0 = Debug|Any CPU
		{0A63E895-DDF5-4789-B66E-E96A91502182}.Release|Any CPU.ActiveCfg = Release|Any CPU
		{0A63E895-DDF5-4789-B66E-E96A91502182}.Release|Any CPU.Build.0 = Release|Any CPU
		{0A63E895-DDF5-4789-B66E-E96A91502182}.Release|Any CPU.Deploy.0 = Release|Any CPU
		{0A63E895-DDF5-4789-B66E-E96A91502182}.Release|iPhone.ActiveCfg = Release|Any CPU
		{0A63E895-DDF5-4789-B66E-E96A91502182}.Release|iPhone.Build.0 = Release|Any CPU
		{0A63E895-DDF5-4789-B66E-E96A91502182}.Release|iPhone.Deploy.0 = Release|Any CPU
		{0A63E895-DDF5-4789-B66E-E96A91502182}.Release|iPhoneSimulator.ActiveCfg = Release|Any CPU
		{0A63E895-DDF5-4789-B66E-E96A91502182}.Release|iPhoneSimulator.Build.0 = Release|Any CPU
		{0A63E895-DDF5-4789-B66E-E96A91502182}.Release|iPhoneSimulator.Deploy.0 = Release|Any CPU
		{54CAD6ED-FDEB-4BDC-8A59-DC4B55476A1A}.Debug|Any CPU.ActiveCfg = Debug|iPhoneSimulator
		{54CAD6ED-FDEB-4BDC-8A59-DC4B55476A1A}.Debug|Any CPU.Build.0 = Debug|iPhoneSimulator
		{54CAD6ED-FDEB-4BDC-8A59-DC4B55476A1A}.Debug|Any CPU.Deploy.0 = Debug|iPhoneSimulator
		{54CAD6ED-FDEB-4BDC-8A59-DC4B55476A1A}.Debug|iPhone.ActiveCfg = Debug|iPhone
		{54CAD6ED-FDEB-4BDC-8A59-DC4B55476A1A}.Debug|iPhone.Build.0 = Debug|iPhone
		{54CAD6ED-FDEB-4BDC-8A59-DC4B55476A1A}.Debug|iPhone.Deploy.0 = Debug|iPhone
		{54CAD6ED-FDEB-4BDC-8A59-DC4B55476A1A}.Debug|iPhoneSimulator.ActiveCfg = Debug|iPhoneSimulator
		{54CAD6ED-FDEB-4BDC-8A59-DC4B55476A1A}.Debug|iPhoneSimulator.Build.0 = Debug|iPhoneSimulator
		{54CAD6ED-FDEB-4BDC-8A59-DC4B55476A1A}.Debug|iPhoneSimulator.Deploy.0 = Debug|iPhoneSimulator
		{54CAD6ED-FDEB-4BDC-8A59-DC4B55476A1A}.Release|Any CPU.ActiveCfg = Release|iPhone
		{54CAD6ED-FDEB-4BDC-8A59-DC4B55476A1A}.Release|Any CPU.Build.0 = Release|iPhone
		{54CAD6ED-FDEB-4BDC-8A59-DC4B55476A1A}.Release|Any CPU.Deploy.0 = Release|iPhone
		{54CAD6ED-FDEB-4BDC-8A59-DC4B55476A1A}.Release|iPhone.ActiveCfg = Release|iPhone
		{54CAD6ED-FDEB-4BDC-8A59-DC4B55476A1A}.Release|iPhone.Build.0 = Release|iPhone
		{54CAD6ED-FDEB-4BDC-8A59-DC4B55476A1A}.Release|iPhone.Deploy.0 = Release|iPhone
		{54CAD6ED-FDEB-4BDC-8A59-DC4B55476A1A}.Release|iPhoneSimulator.ActiveCfg = Release|iPhoneSimulator
		{54CAD6ED-FDEB-4BDC-8A59-DC4B55476A1A}.Release|iPhoneSimulator.Build.0 = Release|iPhoneSimulator
		{54CAD6ED-FDEB-4BDC-8A59-DC4B55476A1A}.Release|iPhoneSimulator.Deploy.0 = Release|iPhoneSimulator
		{F265D80C-2765-4BCB-9B18-2124E3076803}.Debug|Any CPU.ActiveCfg = Debug|Any CPU
		{F265D80C-2765-4BCB-9B18-2124E3076803}.Debug|Any CPU.Build.0 = Debug|Any CPU
		{F265D80C-2765-4BCB-9B18-2124E3076803}.Debug|Any CPU.Deploy.0 = Debug|Any CPU
		{F265D80C-2765-4BCB-9B18-2124E3076803}.Debug|iPhone.ActiveCfg = Debug|Any CPU
		{F265D80C-2765-4BCB-9B18-2124E3076803}.Debug|iPhone.Build.0 = Debug|Any CPU
		{F265D80C-2765-4BCB-9B18-2124E3076803}.Debug|iPhone.Deploy.0 = Debug|Any CPU
		{F265D80C-2765-4BCB-9B18-2124E3076803}.Debug|iPhoneSimulator.ActiveCfg = Debug|Any CPU
		{F265D80C-2765-4BCB-9B18-2124E3076803}.Debug|iPhoneSimulator.Build.0 = Debug|Any CPU
		{F265D80C-2765-4BCB-9B18-2124E3076803}.Debug|iPhoneSimulator.Deploy.0 = Debug|Any CPU
		{F265D80C-2765-4BCB-9B18-2124E3076803}.Release|Any CPU.ActiveCfg = Release|Any CPU
		{F265D80C-2765-4BCB-9B18-2124E3076803}.Release|Any CPU.Build.0 = Release|Any CPU
		{F265D80C-2765-4BCB-9B18-2124E3076803}.Release|Any CPU.Deploy.0 = Release|Any CPU
		{F265D80C-2765-4BCB-9B18-2124E3076803}.Release|iPhone.ActiveCfg = Release|Any CPU
		{F265D80C-2765-4BCB-9B18-2124E3076803}.Release|iPhone.Build.0 = Release|Any CPU
		{F265D80C-2765-4BCB-9B18-2124E3076803}.Release|iPhone.Deploy.0 = Release|Any CPU
		{F265D80C-2765-4BCB-9B18-2124E3076803}.Release|iPhoneSimulator.ActiveCfg = Release|Any CPU
		{F265D80C-2765-4BCB-9B18-2124E3076803}.Release|iPhoneSimulator.Build.0 = Release|Any CPU
		{F265D80C-2765-4BCB-9B18-2124E3076803}.Release|iPhoneSimulator.Deploy.0 = Release|Any CPU
	EndGlobalSection
	GlobalSection(SolutionProperties) = preSolution
		HideSolutionNode = FALSE
	EndGlobalSection
	GlobalSection(ExtensibilityGlobals) = postSolution
		SolutionGuid = {4759245F-831E-4CD8-BBE1-8C72B73CECF9}
	EndGlobalSection
EndGlobal
